
Microsoft Visual Studio Solution File, Format Version 12.00
Project("{FAE04EC0-301F-11D3-BF4B-00C04F79EFBC}") = "Cinema_OOOP_4course.Lib", "Cinema_OOOP_4course.Lib\Cinema_OOOP_4course.Lib.csproj", "{D6006E65-F9B6-4900-83D8-28F4EDCE727C}"
EndProject
Project("{FAE04EC0-301F-11D3-BF4B-00C04F79EFBC}") = "Cinema_OOOP_4course.Excel", "Cinema_OOOP_4course.Excel\Cinema_OOOP_4course.Excel.csproj", "{49AC6D92-14BC-480E-8922-DF91E6DF1E65}"
EndProject
Global
	GlobalSection(SolutionConfigurationPlatforms) = preSolution
		Debug|Any CPU = Debug|Any CPU
		Release|Any CPU = Release|Any CPU
	EndGlobalSection
	GlobalSection(ProjectConfigurationPlatforms) = postSolution
		{D6006E65-F9B6-4900-83D8-28F4EDCE727C}.Debug|Any CPU.ActiveCfg = Debug|Any CPU
		{D6006E65-F9B6-4900-83D8-28F4EDCE727C}.Debug|Any CPU.Build.0 = Debug|Any CPU
		{D6006E65-F9B6-4900-83D8-28F4EDCE727C}.Release|Any CPU.ActiveCfg = Release|Any CPU
		{D6006E65-F9B6-4900-83D8-28F4EDCE727C}.Release|Any CPU.Build.0 = Release|Any CPU
		{49AC6D92-14BC-480E-8922-DF91E6DF1E65}.Debug|Any CPU.ActiveCfg = Debug|Any CPU
		{49AC6D92-14BC-480E-8922-DF91E6DF1E65}.Debug|Any CPU.Build.0 = Debug|Any CPU
		{49AC6D92-14BC-480E-8922-DF91E6DF1E65}.Release|Any CPU.ActiveCfg = Release|Any CPU
		{49AC6D92-14BC-480E-8922-DF91E6DF1E65}.Release|Any CPU.Build.0 = Release|Any CPU
	EndGlobalSection
EndGlobal
